
Microsoft Visual Studio Solution File, Format Version 11.00
# Visual Studio 2010
Project("{FAE04EC0-301F-11D3-BF4B-00C04F79EFBC}") = "PlugAuthoring", "PlugAuthoring.csproj", "{DDC7E2C3-6A92-43CE-B207-125A0047E567}"
EndProject
Global
	GlobalSection(SolutionConfigurationPlatforms) = preSolution
		Debug|Any CPU = Debug|Any CPU
		Release|Any CPU = Release|Any CPU
	EndGlobalSection
	GlobalSection(ProjectConfigurationPlatforms) = postSolution
		{DDC7E2C3-6A92-43CE-B207-125A0047E567}.Debug|Any CPU.ActiveCfg = Debug|Any CPU
		{DDC7E2C3-6A92-43CE-B207-125A0047E567}.Debug|Any CPU.Build.0 = Debug|Any CPU
		{DDC7E2C3-6A92-43CE-B207-125A0047E567}.Release|Any CPU.ActiveCfg = Release|Any CPU
		{DDC7E2C3-6A92-43CE-B207-125A0047E567}.Release|Any CPU.Build.0 = Release|Any CPU
	EndGlobalSection
	GlobalSection(SolutionProperties) = preSolution
		HideSolutionNode = FALSE
	EndGlobalSection
EndGlobal
